
Microsoft Visual Studio Solution File, Format Version 12.00
# Visual Studio 2012
Project("{FAE04EC0-301F-11D3-BF4B-00C04F79EFBC}") = "Poker", "Poker\Poker.csproj", "{F79E0FCB-8AAF-4237-A573-F836691C53BA}"
EndProject
Project("{FAE04EC0-301F-11D3-BF4B-00C04F79EFBC}") = "Poker.Tests", "Poker.Tests\Poker.Tests.csproj", "{369238FD-8948-4A83-9BC1-CF3E4CA88D63}"
EndProject
Project("{FAE04EC0-301F-11D3-BF4B-00C04F79EFBC}") = "WinFormUI", "WinFormUI\WinFormUI.csproj", "{19110C22-C5DA-4A61-85F6-D1F276CAC093}"
EndProject
Global
	GlobalSection(SolutionConfigurationPlatforms) = preSolution
		Debug|Any CPU = Debug|Any CPU
		Release|Any CPU = Release|Any CPU
	EndGlobalSection
	GlobalSection(ProjectConfigurationPlatforms) = postSolution
		{F79E0FCB-8AAF-4237-A573-F836691C53BA}.Debug|Any CPU.ActiveCfg = Debug|Any CPU
		{F79E0FCB-8AAF-4237-A573-F836691C53BA}.Debug|Any CPU.Build.0 = Debug|Any CPU
		{F79E0FCB-8AAF-4237-A573-F836691C53BA}.Release|Any CPU.ActiveCfg = Release|Any CPU
		{F79E0FCB-8AAF-4237-A573-F836691C53BA}.Release|Any CPU.Build.0 = Release|Any CPU
		{369238FD-8948-4A83-9BC1-CF3E4CA88D63}.Debug|Any CPU.ActiveCfg = Debug|Any CPU
		{369238FD-8948-4A83-9BC1-CF3E4CA88D63}.Debug|Any CPU.Build.0 = Debug|Any CPU
		{369238FD-8948-4A83-9BC1-CF3E4CA88D63}.Release|Any CPU.ActiveCfg = Release|Any CPU
		{369238FD-8948-4A83-9BC1-CF3E4CA88D63}.Release|Any CPU.Build.0 = Release|Any CPU
		{19110C22-C5DA-4A61-85F6-D1F276CAC093}.Debug|Any CPU.ActiveCfg = Debug|Any CPU
		{19110C22-C5DA-4A61-85F6-D1F276CAC093}.Debug|Any CPU.Build.0 = Debug|Any CPU
		{19110C22-C5DA-4A61-85F6-D1F276CAC093}.Release|Any CPU.ActiveCfg = Release|Any CPU
		{19110C22-C5DA-4A61-85F6-D1F276CAC093}.Release|Any CPU.Build.0 = Release|Any CPU
	EndGlobalSection
	GlobalSection(SolutionProperties) = preSolution
		HideSolutionNode = FALSE
	EndGlobalSection
EndGlobal
